
Microsoft Visual Studio Solution File, Format Version 12.00
Project("{FAE04EC0-301F-11D3-BF4B-00C04F79EFBC}") = "4.6", "4.6\4.6.csproj", "{23DD55F3-AFD3-4367-BEB7-8A5814D1998E}"
EndProject
Global
	GlobalSection(SolutionConfigurationPlatforms) = preSolution
		Debug|Any CPU = Debug|Any CPU
		Release|Any CPU = Release|Any CPU
	EndGlobalSection
	GlobalSection(ProjectConfigurationPlatforms) = postSolution
		{23DD55F3-AFD3-4367-BEB7-8A5814D1998E}.Debug|Any CPU.ActiveCfg = Debug|Any CPU
		{23DD55F3-AFD3-4367-BEB7-8A5814D1998E}.Debug|Any CPU.Build.0 = Debug|Any CPU
		{23DD55F3-AFD3-4367-BEB7-8A5814D1998E}.Release|Any CPU.ActiveCfg = Release|Any CPU
		{23DD55F3-AFD3-4367-BEB7-8A5814D1998E}.Release|Any CPU.Build.0 = Release|Any CPU
	EndGlobalSection
EndGlobal
