
Microsoft Visual Studio Solution File, Format Version 12.00
Project("{FAE04EC0-301F-11D3-BF4B-00C04F79EFBC}") = "2.3", "2.3\2.3.csproj", "{9168F6B2-F412-4B66-8CDB-DD1F320BFB0D}"
EndProject
Global
	GlobalSection(SolutionConfigurationPlatforms) = preSolution
		Debug|Any CPU = Debug|Any CPU
		Release|Any CPU = Release|Any CPU
	EndGlobalSection
	GlobalSection(ProjectConfigurationPlatforms) = postSolution
		{9168F6B2-F412-4B66-8CDB-DD1F320BFB0D}.Debug|Any CPU.ActiveCfg = Debug|Any CPU
		{9168F6B2-F412-4B66-8CDB-DD1F320BFB0D}.Debug|Any CPU.Build.0 = Debug|Any CPU
		{9168F6B2-F412-4B66-8CDB-DD1F320BFB0D}.Release|Any CPU.ActiveCfg = Release|Any CPU
		{9168F6B2-F412-4B66-8CDB-DD1F320BFB0D}.Release|Any CPU.Build.0 = Release|Any CPU
	EndGlobalSection
EndGlobal
