
Microsoft Visual Studio Solution File, Format Version 12.00
Project("{FAE04EC0-301F-11D3-BF4B-00C04F79EFBC}") = "5.1", "5.1\5.1.csproj", "{A14C4FD0-F1F9-4522-8F99-A93A59EA2E26}"
EndProject
Global
	GlobalSection(SolutionConfigurationPlatforms) = preSolution
		Debug|Any CPU = Debug|Any CPU
		Release|Any CPU = Release|Any CPU
	EndGlobalSection
	GlobalSection(ProjectConfigurationPlatforms) = postSolution
		{A14C4FD0-F1F9-4522-8F99-A93A59EA2E26}.Debug|Any CPU.ActiveCfg = Debug|Any CPU
		{A14C4FD0-F1F9-4522-8F99-A93A59EA2E26}.Debug|Any CPU.Build.0 = Debug|Any CPU
		{A14C4FD0-F1F9-4522-8F99-A93A59EA2E26}.Release|Any CPU.ActiveCfg = Release|Any CPU
		{A14C4FD0-F1F9-4522-8F99-A93A59EA2E26}.Release|Any CPU.Build.0 = Release|Any CPU
	EndGlobalSection
EndGlobal
